// !$*UTF8*$!
{
	archiveVersion = 1;
	classes = {
	};
	objectVersion = 50;
	objects = {

/* Begin PBXBuildFile section */
		01D5608D2079177B0050AD37 /* AppDelegate.swift in Sources */ = {isa = PBXBuildFile; fileRef = 01D5608C2079177B0050AD37 /* AppDelegate.swift */; };
		01D5608F2079177B0050AD37 /* ViewController.swift in Sources */ = {isa = PBXBuildFile; fileRef = 01D5608E2079177B0050AD37 /* ViewController.swift */; };
		01D560922079177B0050AD37 /* Main.storyboard in Resources */ = {isa = PBXBuildFile; fileRef = 01D560902079177B0050AD37 /* Main.storyboard */; };
		01D560952079177B0050AD37 /* BookingDate.xcdatamodeld in Sources */ = {isa = PBXBuildFile; fileRef = 01D560932079177B0050AD37 /* BookingDate.xcdatamodeld */; };
		01D560972079177C0050AD37 /* Assets.xcassets in Resources */ = {isa = PBXBuildFile; fileRef = 01D560962079177C0050AD37 /* Assets.xcassets */; };
		01D5609A2079177C0050AD37 /* LaunchScreen.storyboard in Resources */ = {isa = PBXBuildFile; fileRef = 01D560982079177C0050AD37 /* LaunchScreen.storyboard */; };
		BF8BD8691C08916CA1519A3B /* Pods_BookingDate.framework in Frameworks */ = {isa = PBXBuildFile; fileRef = DF938AA0849769E58662FAA1 /* Pods_BookingDate.framework */; };
/* End PBXBuildFile section */

/* Begin PBXFileReference section */
		01D560892079177B0050AD37 /* BookingDate.app */ = {isa = PBXFileReference; explicitFileType = wrapper.application; includeInIndex = 0; path = BookingDate.app; sourceTree = BUILT_PRODUCTS_DIR; };
		01D5608C2079177B0050AD37 /* AppDelegate.swift */ = {isa = PBXFileReference; lastKnownFileType = sourcecode.swift; path = AppDelegate.swift; sourceTree = "<group>"; };
		01D5608E2079177B0050AD37 /* ViewController.swift */ = {isa = PBXFileReference; lastKnownFileType = sourcecode.swift; path = ViewController.swift; sourceTree = "<group>"; };
		01D560912079177B0050AD37 /* Base */ = {isa = PBXFileReference; lastKnownFileType = file.storyboard; name = Base; path = Base.lproj/Main.storyboard; sourceTree = "<group>"; };
		01D560942079177B0050AD37 /* BookingDate.xcdatamodel */ = {isa = PBXFileReference; lastKnownFileType = wrapper.xcdatamodel; path = BookingDate.xcdatamodel; sourceTree = "<group>"; };
		01D560962079177C0050AD37 /* Assets.xcassets */ = {isa = PBXFileReference; lastKnownFileType = folder.assetcatalog; path = Assets.xcassets; sourceTree = "<group>"; };
		01D560992079177C0050AD37 /* Base */ = {isa = PBXFileReference; lastKnownFileType = file.storyboard; name = Base; path = Base.lproj/LaunchScreen.storyboard; sourceTree = "<group>"; };
		01D5609B2079177C0050AD37 /* Info.plist */ = {isa = PBXFileReference; lastKnownFileType = text.plist.xml; path = Info.plist; sourceTree = "<group>"; };
		117D3636435CE6FB9533A49E /* Pods-BookingDate.release.xcconfig */ = {isa = PBXFileReference; includeInIndex = 1; lastKnownFileType = text.xcconfig; name = "Pods-BookingDate.release.xcconfig"; path = "Pods/Target Support Files/Pods-BookingDate/Pods-BookingDate.release.xcconfig"; sourceTree = "<group>"; };
		8255126661C48E3C3ED67CBC /* Pods-BookingDate.debug.xcconfig */ = {isa = PBXFileReference; includeInIndex = 1; lastKnownFileType = text.xcconfig; name = "Pods-BookingDate.debug.xcconfig"; path = "Pods/Target Support Files/Pods-BookingDate/Pods-BookingDate.debug.xcconfig"; sourceTree = "<group>"; };
		DF938AA0849769E58662FAA1 /* Pods_BookingDate.framework */ = {isa = PBXFileReference; explicitFileType = wrapper.framework; includeInIndex = 0; path = Pods_BookingDate.framework; sourceTree = BUILT_PRODUCTS_DIR; };
/* End PBXFileReference section */

/* Begin PBXFrameworksBuildPhase section */
		01D560862079177B0050AD37 /* Frameworks */ = {
			isa = PBXFrameworksBuildPhase;
			buildActionMask = 2147483647;
			files = (
				BF8BD8691C08916CA1519A3B /* Pods_BookingDate.framework in Frameworks */,
			);
			runOnlyForDeploymentPostprocessing = 0;
		};
/* End PBXFrameworksBuildPhase section */

/* Begin PBXGroup section */
		0138F1C02079198100E6C677 /* Support Files */ = {
			isa = PBXGroup;
			children = (
				01D5608C2079177B0050AD37 /* AppDelegate.swift */,
				01D5609B2079177C0050AD37 /* Info.plist */,
				01D560932079177B0050AD37 /* BookingDate.xcdatamodeld */,
			);
			name = "Support Files";
			sourceTree = "<group>";
		};
		01D560802079177B0050AD37 = {
			isa = PBXGroup;
			children = (
				01D5608B2079177B0050AD37 /* BookingDate */,
				01D5608A2079177B0050AD37 /* Products */,
				A15B1F57620C96989D4CF5BF /* Pods */,
				0E4EA56D2DD6D1BBC164F1AE /* Frameworks */,
			);
			sourceTree = "<group>";
		};
		01D5608A2079177B0050AD37 /* Products */ = {
			isa = PBXGroup;
			children = (
				01D560892079177B0050AD37 /* BookingDate.app */,
			);
			name = Products;
			sourceTree = "<group>";
		};
		01D5608B2079177B0050AD37 /* BookingDate */ = {
			isa = PBXGroup;
			children = (
				0138F1C02079198100E6C677 /* Support Files */,
				01D560A22079179B0050AD37 /* Controllers */,
				01D560A1207917830050AD37 /* Storyboards */,
				01D560962079177C0050AD37 /* Assets.xcassets */,
			);
			path = BookingDate;
			sourceTree = "<group>";
		};
		01D560A1207917830050AD37 /* Storyboards */ = {
			isa = PBXGroup;
			children = (
				01D560902079177B0050AD37 /* Main.storyboard */,
				01D560982079177C0050AD37 /* LaunchScreen.storyboard */,
			);
			name = Storyboards;
			sourceTree = "<group>";
		};
		01D560A22079179B0050AD37 /* Controllers */ = {
			isa = PBXGroup;
			children = (
				01D5608E2079177B0050AD37 /* ViewController.swift */,
			);
			name = Controllers;
			sourceTree = "<group>";
		};
		0E4EA56D2DD6D1BBC164F1AE /* Frameworks */ = {
			isa = PBXGroup;
			children = (
				DF938AA0849769E58662FAA1 /* Pods_BookingDate.framework */,
			);
			name = Frameworks;
			sourceTree = "<group>";
		};
		A15B1F57620C96989D4CF5BF /* Pods */ = {
			isa = PBXGroup;
			children = (
				8255126661C48E3C3ED67CBC /* Pods-BookingDate.debug.xcconfig */,
				117D3636435CE6FB9533A49E /* Pods-BookingDate.release.xcconfig */,
			);
			name = Pods;
			sourceTree = "<group>";
		};
/* End PBXGroup section */

/* Begin PBXNativeTarget section */
		01D560882079177B0050AD37 /* BookingDate */ = {
			isa = PBXNativeTarget;
			buildConfigurationList = 01D5609E2079177C0050AD37 /* Build configuration list for PBXNativeTarget "BookingDate" */;
			buildPhases = (
				8B5475303ACEEFC0A1E8AD85 /* [CP] Check Pods Manifest.lock */,
				01D560852079177B0050AD37 /* Sources */,
				01D560862079177B0050AD37 /* Frameworks */,
				01D560872079177B0050AD37 /* Resources */,
				0D337DCA0824A0E421D190CD /* [CP] Embed Pods Frameworks */,
			);
			buildRules = (
			);
			dependencies = (
			);
			name = BookingDate;
			productName = BookingDate;
			productReference = 01D560892079177B0050AD37 /* BookingDate.app */;
			productType = "com.apple.product-type.application";
		};
/* End PBXNativeTarget section */

/* Begin PBXProject section */
		01D560812079177B0050AD37 /* Project object */ = {
			isa = PBXProject;
			attributes = {
				LastSwiftUpdateCheck = 0930;
				LastUpgradeCheck = 0930;
				ORGANIZATIONNAME = "Andrii Halabuda";
				TargetAttributes = {
					01D560882079177B0050AD37 = {
						CreatedOnToolsVersion = 9.3;
					};
				};
			};
			buildConfigurationList = 01D560842079177B0050AD37 /* Build configuration list for PBXProject "BookingDate" */;
			compatibilityVersion = "Xcode 9.3";
			developmentRegion = en;
			hasScannedForEncodings = 0;
			knownRegions = (
				en,
				Base,
			);
			mainGroup = 01D560802079177B0050AD37;
			productRefGroup = 01D5608A2079177B0050AD37 /* Products */;
			projectDirPath = "";
			projectRoot = "";
			targets = (
				01D560882079177B0050AD37 /* BookingDate */,
			);
		};
/* End PBXProject section */

/* Begin PBXResourcesBuildPhase section */
		01D560872079177B0050AD37 /* Resources */ = {
			isa = PBXResourcesBuildPhase;
			buildActionMask = 2147483647;
			files = (
				01D5609A2079177C0050AD37 /* LaunchScreen.storyboard in Resources */,
				01D560972079177C0050AD37 /* Assets.xcassets in Resources */,
				01D560922079177B0050AD37 /* Main.storyboard in Resources */,
			);
			runOnlyForDeploymentPostprocessing = 0;
		};
/* End PBXResourcesBuildPhase section */

/* Begin PBXShellScriptBuildPhase section */
		0D337DCA0824A0E421D190CD /* [CP] Embed Pods Frameworks */ = {
			isa = PBXShellScriptBuildPhase;
			buildActionMask = 2147483647;
			files = (
			);
			inputPaths = (
				"${SRCROOT}/Pods/Target Support Files/Pods-BookingDate/Pods-BookingDate-frameworks.sh",
				"${BUILT_PRODUCTS_DIR}/Koyomi/Koyomi.framework",
			);
			name = "[CP] Embed Pods Frameworks";
			outputPaths = (
				"${TARGET_BUILD_DIR}/${FRAMEWORKS_FOLDER_PATH}/Koyomi.framework",
			);
			runOnlyForDeploymentPostprocessing = 0;
			shellPath = /bin/sh;
			shellScript = "\"${SRCROOT}/Pods/Target Support Files/Pods-BookingDate/Pods-BookingDate-frameworks.sh\"\n";
			showEnvVarsInLog = 0;
		};
		8B5475303ACEEFC0A1E8AD85 /* [CP] Check Pods Manifest.lock */ = {
			isa = PBXShellScriptBuildPhase;
			buildActionMask = 2147483647;
			files = (
			);
			inputPaths = (
				"${PODS_PODFILE_DIR_PATH}/Podfile.lock",
				"${PODS_ROOT}/Manifest.lock",
			);
			name = "[CP] Check Pods Manifest.lock";
			outputPaths = (
				"$(DERIVED_FILE_DIR)/Pods-BookingDate-checkManifestLockResult.txt",
			);
			runOnlyForDeploymentPostprocessing = 0;
			shellPath = /bin/sh;
			shellScript = "diff \"${PODS_PODFILE_DIR_PATH}/Podfile.lock\" \"${PODS_ROOT}/Manifest.lock\" > /dev/null\nif [ $? != 0 ] ; then\n    # print error to STDERR\n    echo \"error: The sandbox is not in sync with the Podfile.lock. Run 'pod install' or update your CocoaPods installation.\" >&2\n    exit 1\nfi\n# This output is used by Xcode 'outputs' to avoid re-running this script phase.\necho \"SUCCESS\" > \"${SCRIPT_OUTPUT_FILE_0}\"\n";
			showEnvVarsInLog = 0;
		};
/* End PBXShellScriptBuildPhase section */

/* Begin PBXSourcesBuildPhase section */
		01D560852079177B0050AD37 /* Sources */ = {
			isa = PBXSourcesBuildPhase;
			buildActionMask = 2147483647;
			files = (
				01D560952079177B0050AD37 /* BookingDate.xcdatamodeld in Sources */,
				01D5608F2079177B0050AD37 /* ViewController.swift in Sources */,
				01D5608D2079177B0050AD37 /* AppDelegate.swift in Sources */,
			);
			runOnlyForDeploymentPostprocessing = 0;
		};
/* End PBXSourcesBuildPhase section */

/* Begin PBXVariantGroup section */
		01D560902079177B0050AD37 /* Main.storyboard */ = {
			isa = PBXVariantGroup;
			children = (
				01D560912079177B0050AD37 /* Base */,
			);
			name = Main.storyboard;
			sourceTree = "<group>";
		};
		01D560982079177C0050AD37 /* LaunchScreen.storyboard */ = {
			isa = PBXVariantGroup;
			children = (
				01D560992079177C0050AD37 /* Base */,
			);
			name = LaunchScreen.storyboard;
			sourceTree = "<group>";
		};
/* End PBXVariantGroup section */

/* Begin XCBuildConfiguration section */
		01D5609C2079177C0050AD37 /* Debug */ = {
			isa = XCBuildConfiguration;
			buildSettings = {
				ALWAYS_SEARCH_USER_PATHS = NO;
				CLANG_ANALYZER_NONNULL = YES;
				CLANG_ANALYZER_NUMBER_OBJECT_CONVERSION = YES_AGGRESSIVE;
				CLANG_CXX_LANGUAGE_STANDARD = "gnu++14";
				CLANG_CXX_LIBRARY = "libc++";
				CLANG_ENABLE_MODULES = YES;
				CLANG_ENABLE_OBJC_ARC = YES;
				CLANG_ENABLE_OBJC_WEAK = YES;
				CLANG_WARN_BLOCK_CAPTURE_AUTORELEASING = YES;
				CLANG_WARN_BOOL_CONVERSION = YES;
				CLANG_WARN_COMMA = YES;
				CLANG_WARN_CONSTANT_CONVERSION = YES;
				CLANG_WARN_DEPRECATED_OBJC_IMPLEMENTATIONS = YES;
				CLANG_WARN_DIRECT_OBJC_ISA_USAGE = YES_ERROR;
				CLANG_WARN_DOCUMENTATION_COMMENTS = YES;
				CLANG_WARN_EMPTY_BODY = YES;
				CLANG_WARN_ENUM_CONVERSION = YES;
				CLANG_WARN_INFINITE_RECURSION = YES;
				CLANG_WARN_INT_CONVERSION = YES;
				CLANG_WARN_NON_LITERAL_NULL_CONVERSION = YES;
				CLANG_WARN_OBJC_IMPLICIT_RETAIN_SELF = YES;
				CLANG_WARN_OBJC_LITERAL_CONVERSION = YES;
				CLANG_WARN_OBJC_ROOT_CLASS = YES_ERROR;
				CLANG_WARN_RANGE_LOOP_ANALYSIS = YES;
				CLANG_WARN_STRICT_PROTOTYPES = YES;
				CLANG_WARN_SUSPICIOUS_MOVE = YES;
				CLANG_WARN_UNGUARDED_AVAILABILITY = YES_AGGRESSIVE;
				CLANG_WARN_UNREACHABLE_CODE = YES;
				CLANG_WARN__DUPLICATE_METHOD_MATCH = YES;
				CODE_SIGN_IDENTITY = "iPhone Developer";
				COPY_PHASE_STRIP = NO;
				DEBUG_INFORMATION_FORMAT = dwarf;
				ENABLE_STRICT_OBJC_MSGSEND = YES;
				ENABLE_TESTABILITY = YES;
				GCC_C_LANGUAGE_STANDARD = gnu11;
				GCC_DYNAMIC_NO_PIC = NO;
				GCC_NO_COMMON_BLOCKS = YES;
				GCC_OPTIMIZATION_LEVEL = 0;
				GCC_PREPROCESSOR_DEFINITIONS = (
					"DEBUG=1",
					"$(inherited)",
				);
				GCC_WARN_64_TO_32_BIT_CONVERSION = YES;
				GCC_WARN_ABOUT_RETURN_TYPE = YES_ERROR;
				GCC_WARN_UNDECLARED_SELECTOR = YES;
				GCC_WARN_UNINITIALIZED_AUTOS = YES_AGGRESSIVE;
				GCC_WARN_UNUSED_FUNCTION = YES;
				GCC_WARN_UNUSED_VARIABLE = YES;
				IPHONEOS_DEPLOYMENT_TARGET = 11.3;
				MTL_ENABLE_DEBUG_INFO = YES;
				ONLY_ACTIVE_ARCH = YES;
				SDKROOT = iphoneos;
				SWIFT_ACTIVE_COMPILATION_CONDITIONS = DEBUG;
				SWIFT_OPTIMIZATION_LEVEL = "-Onone";
			};
			name = Debug;
		};
		01D5609D2079177C0050AD37 /* Release */ = {
			isa = XCBuildConfiguration;
			buildSettings = {
				ALWAYS_SEARCH_USER_PATHS = NO;
				CLANG_ANALYZER_NONNULL = YES;
				CLANG_ANALYZER_NUMBER_OBJECT_CONVERSION = YES_AGGRESSIVE;
				CLANG_CXX_LANGUAGE_STANDARD = "gnu++14";
				CLANG_CXX_LIBRARY = "libc++";
				CLANG_ENABLE_MODULES = YES;
				CLANG_ENABLE_OBJC_ARC = YES;
				CLANG_ENABLE_OBJC_WEAK = YES;
				CLANG_WARN_BLOCK_CAPTURE_AUTORELEASING = YES;
				CLANG_WARN_BOOL_CONVERSION = YES;
				CLANG_WARN_COMMA = YES;
				CLANG_WARN_CONSTANT_CONVERSION = YES;
				CLANG_WARN_DEPRECATED_OBJC_IMPLEMENTATIONS = YES;
				CLANG_WARN_DIRECT_OBJC_ISA_USAGE = YES_ERROR;
				CLANG_WARN_DOCUMENTATION_COMMENTS = YES;
				CLANG_WARN_EMPTY_BODY = YES;
				CLANG_WARN_ENUM_CONVERSION = YES;
				CLANG_WARN_INFINITE_RECURSION = YES;
				CLANG_WARN_INT_CONVERSION = YES;
				CLANG_WARN_NON_LITERAL_NULL_CONVERSION = YES;
				CLANG_WARN_OBJC_IMPLICIT_RETAIN_SELF = YES;
				CLANG_WARN_OBJC_LITERAL_CONVERSION = YES;
				CLANG_WARN_OBJC_ROOT_CLASS = YES_ERROR;
				CLANG_WARN_RANGE_LOOP_ANALYSIS = YES;
				CLANG_WARN_STRICT_PROTOTYPES = YES;
				CLANG_WARN_SUSPICIOUS_MOVE = YES;
				CLANG_WARN_UNGUARDED_AVAILABILITY = YES_AGGRESSIVE;
				CLANG_WARN_UNREACHABLE_CODE = YES;
				CLANG_WARN__DUPLICATE_METHOD_MATCH = YES;
				CODE_SIGN_IDENTITY = "iPhone Developer";
				COPY_PHASE_STRIP = NO;
				DEBUG_INFORMATION_FORMAT = "dwarf-with-dsym";
				ENABLE_NS_ASSERTIONS = NO;
				ENABLE_STRICT_OBJC_MSGSEND = YES;
				GCC_C_LANGUAGE_STANDARD = gnu11;
				GCC_NO_COMMON_BLOCKS = YES;
				GCC_WARN_64_TO_32_BIT_CONVERSION = YES;
				GCC_WARN_ABOUT_RETURN_TYPE = YES_ERROR;
				GCC_WARN_UNDECLARED_SELECTOR = YES;
				GCC_WARN_UNINITIALIZED_AUTOS = YES_AGGRESSIVE;
				GCC_WARN_UNUSED_FUNCTION = YES;
				GCC_WARN_UNUSED_VARIABLE = YES;
				IPHONEOS_DEPLOYMENT_TARGET = 11.3;
				MTL_ENABLE_DEBUG_INFO = NO;
				SDKROOT = iphoneos;
				SWIFT_COMPILATION_MODE = wholemodule;
				SWIFT_OPTIMIZATION_LEVEL = "-O";
				VALIDATE_PRODUCT = YES;
			};
			name = Release;
		};
		01D5609F2079177C0050AD37 /* Debug */ = {
			isa = XCBuildConfiguration;
			baseConfigurationReference = 8255126661C48E3C3ED67CBC /* Pods-BookingDate.debug.xcconfig */;
			buildSettings = {
				ASSETCATALOG_COMPILER_APPICON_NAME = AppIcon;
				CODE_SIGN_STYLE = Automatic;
				DEVELOPMENT_TEAM = PTRW36GG78;
				INFOPLIST_FILE = BookingDate/Info.plist;
				LD_RUNPATH_SEARCH_PATHS = (
					"$(inherited)",
					"@executable_path/Frameworks",
				);
				PRODUCT_BUNDLE_IDENTIFIER = com.losAngelesBoy.BookingDate;
				PRODUCT_NAME = "$(TARGET_NAME)";
				SWIFT_VERSION = 4.0;
				TARGETED_DEVICE_FAMILY = "1,2";
			};
			name = Debug;
		};
		01D560A02079177C0050AD37 /* Release */ = {
			isa = XCBuildConfiguration;
			baseConfigurationReference = 117D3636435CE6FB9533A49E /* Pods-BookingDate.release.xcconfig */;
			buildSettings = {
				ASSETCATALOG_COMPILER_APPICON_NAME = AppIcon;
				CODE_SIGN_STYLE = Automatic;
				DEVELOPMENT_TEAM = PTRW36GG78;
				INFOPLIST_FILE = BookingDate/Info.plist;
				LD_RUNPATH_SEARCH_PATHS = (
					"$(inherited)",
					"@executable_path/Frameworks",
				);
				PRODUCT_BUNDLE_IDENTIFIER = com.losAngelesBoy.BookingDate;
				PRODUCT_NAME = "$(TARGET_NAME)";
				SWIFT_VERSION = 4.0;
				TARGETED_DEVICE_FAMILY = "1,2";
			};
			name = Release;
		};
/* End XCBuildConfiguration section */

/* Begin XCConfigurationList section */
		01D560842079177B0050AD37 /* Build configuration list for PBXProject "BookingDate" */ = {
			isa = XCConfigurationList;
			buildConfigurations = (
				01D5609C2079177C0050AD37 /* Debug */,
				01D5609D2079177C0050AD37 /* Release */,
			);
			defaultConfigurationIsVisible = 0;
			defaultConfigurationName = Release;
		};
		01D5609E2079177C0050AD37 /* Build configuration list for PBXNativeTarget "BookingDate" */ = {
			isa = XCConfigurationList;
			buildConfigurations = (
				01D5609F2079177C0050AD37 /* Debug */,
				01D560A02079177C0050AD37 /* Release */,
			);
			defaultConfigurationIsVisible = 0;
			defaultConfigurationName = Release;
		};
/* End XCConfigurationList section */

/* Begin XCVersionGroup section */
		01D560932079177B0050AD37 /* BookingDate.xcdatamodeld */ = {
			isa = XCVersionGroup;
			children = (
				01D560942079177B0050AD37 /* BookingDate.xcdatamodel */,
			);
			currentVersion = 01D560942079177B0050AD37 /* BookingDate.xcdatamodel */;
			path = BookingDate.xcdatamodeld;
			sourceTree = "<group>";
			versionGroupType = wrapper.xcdatamodel;
		};
/* End XCVersionGroup section */
	};
	rootObject = 01D560812079177B0050AD37 /* Project object */;
}
